
Microsoft Visual Studio Solution File, Format Version 12.00
# Visual Studio Version 17
VisualStudioVersion = 17.7.34024.191
MinimumVisualStudioVersion = 10.0.40219.1
Project("{FAE04EC0-301F-11D3-BF4B-00C04F79EFBC}") = "EncoderServer", "EncoderServer.csproj", "{A472C214-B0DF-4D52-B02E-43E1E981F1EF}"
EndProject
Global
	GlobalSection(SolutionConfigurationPlatforms) = preSolution
		Debug|Any CPU = Debug|Any CPU
		Release|Any CPU = Release|Any CPU
	EndGlobalSection
	GlobalSection(ProjectConfigurationPlatforms) = postSolution
		{A472C214-B0DF-4D52-B02E-43E1E981F1EF}.Debug|Any CPU.ActiveCfg = Debug|Any CPU
		{A472C214-B0DF-4D52-B02E-43E1E981F1EF}.Debug|Any CPU.Build.0 = Debug|Any CPU
		{A472C214-B0DF-4D52-B02E-43E1E981F1EF}.Release|Any CPU.ActiveCfg = Release|Any CPU
		{A472C214-B0DF-4D52-B02E-43E1E981F1EF}.Release|Any CPU.Build.0 = Release|Any CPU
	EndGlobalSection
	GlobalSection(SolutionProperties) = preSolution
		HideSolutionNode = FALSE
	EndGlobalSection
	GlobalSection(ExtensibilityGlobals) = postSolution
		SolutionGuid = {9690F866-5F4E-4794-B945-C87064691999}
	EndGlobalSection
EndGlobal
