
Microsoft Visual Studio Solution File, Format Version 12.00
# Visual Studio Version 17
VisualStudioVersion = 17.7.34024.191
MinimumVisualStudioVersion = 10.0.40219.1
Project("{9A19103F-16F7-4668-BE54-9A1E7A4F7556}") = "EncoderServer", "Encoder\EncoderServer.csproj", "{ED528856-03EB-4099-BCC3-B260A94CBDF2}"
EndProject
Project("{9A19103F-16F7-4668-BE54-9A1E7A4F7556}") = "Encoder.Tests.Unit", "Encoder.Tests.Unit\Encoder.Tests.Unit.csproj", "{C1D49A5D-B6D9-43CA-8BB3-CB025B228EEA}"
EndProject
Global
	GlobalSection(SolutionConfigurationPlatforms) = preSolution
		Debug|Any CPU = Debug|Any CPU
		Release|Any CPU = Release|Any CPU
	EndGlobalSection
	GlobalSection(ProjectConfigurationPlatforms) = postSolution
		{ED528856-03EB-4099-BCC3-B260A94CBDF2}.Debug|Any CPU.ActiveCfg = Debug|Any CPU
		{ED528856-03EB-4099-BCC3-B260A94CBDF2}.Debug|Any CPU.Build.0 = Debug|Any CPU
		{ED528856-03EB-4099-BCC3-B260A94CBDF2}.Release|Any CPU.ActiveCfg = Release|Any CPU
		{ED528856-03EB-4099-BCC3-B260A94CBDF2}.Release|Any CPU.Build.0 = Release|Any CPU
		{C1D49A5D-B6D9-43CA-8BB3-CB025B228EEA}.Debug|Any CPU.ActiveCfg = Debug|Any CPU
		{C1D49A5D-B6D9-43CA-8BB3-CB025B228EEA}.Debug|Any CPU.Build.0 = Debug|Any CPU
		{C1D49A5D-B6D9-43CA-8BB3-CB025B228EEA}.Release|Any CPU.ActiveCfg = Release|Any CPU
		{C1D49A5D-B6D9-43CA-8BB3-CB025B228EEA}.Release|Any CPU.Build.0 = Release|Any CPU
	EndGlobalSection
	GlobalSection(SolutionProperties) = preSolution
		HideSolutionNode = FALSE
	EndGlobalSection
	GlobalSection(ExtensibilityGlobals) = postSolution
		SolutionGuid = {9690F866-5F4E-4794-B945-C87064691999}
	EndGlobalSection
EndGlobal
